Microsoft Visual Studio Solution File, Format Version 12.00
# Visual Studio Version 17
VisualStudioVersion = 17.13.35913.81
MinimumVisualStudioVersion = 10.0.40219.1
Project("{FAE04EC0-301F-11D3-BF4B-00C04F79EFBC}") = "WebShoppingAPI", "WebShoppingAPI\WebShoppingAPI.csproj", "{748C7838-C464-472B-8D00-FFC3DAB80304}"
EndProject
Global
	GlobalSection(SolutionConfigurationPlatforms) = preSolution
		Debug|Any CPU = Debug|Any CPU
		Release|Any CPU = Release|Any CPU
	EndGlobalSection
	GlobalSection(ProjectConfigurationPlatforms) = postSolution
		{748C7838-C464-472B-8D00-FFC3DAB80304}.Debug|Any CPU.ActiveCfg = Debug|Any CPU
		{748C7838-C464-472B-8D00-FFC3DAB80304}.Debug|Any CPU.Build.0 = Debug|Any CPU
		{748C7838-C464-472B-8D00-FFC3DAB80304}.Release|Any CPU.ActiveCfg = Release|Any CPU
		{748C7838-C464-472B-8D00-FFC3DAB80304}.Release|Any CPU.Build.0 = Release|Any CPU
	EndGlobalSection
	GlobalSection(SolutionProperties) = preSolution
		HideSolutionNode = FALSE
	EndGlobalSection
	GlobalSection(ExtensibilityGlobals) = postSolution
		SolutionGuid = {A0BF0428-4EF6-47EF-B113-B658D0A90D47}
	EndGlobalSection
EndGlobal
